// !$*UTF8*$!
{
	archiveVersion = 1;
	classes = {
	};
	objectVersion = 77;
	objects = {

/* Begin PBXContainerItemProxy section */
		4632F6972CFC32100064D24A /* PBXContainerItemProxy */ = {
			isa = PBXContainerItemProxy;
			containerPortal = 4632F6782CFC320E0064D24A /* Project object */;
			proxyType = 1;
			remoteGlobalIDString = 4632F67F2CFC320E0064D24A;
			remoteInfo = Lab12_PhotoViewer;
		};
		4632F6A12CFC32100064D24A /* PBXContainerItemProxy */ = {
			isa = PBXContainerItemProxy;
			containerPortal = 4632F6782CFC320E0064D24A /* Project object */;
			proxyType = 1;
			remoteGlobalIDString = 4632F67F2CFC320E0064D24A;
			remoteInfo = Lab12_PhotoViewer;
		};
/* End PBXContainerItemProxy section */

/* Begin PBXFileReference section */
		4632F6802CFC320E0064D24A /* Lab12_PhotoViewer.app */ = {isa = PBXFileReference; explicitFileType = wrapper.application; includeInIndex = 0; path = Lab12_PhotoViewer.app; sourceTree = BUILT_PRODUCTS_DIR; };
		4632F6962CFC32100064D24A /* Lab12_PhotoViewerTests.xctest */ = {isa = PBXFileReference; explicitFileType = wrapper.cfbundle; includeInIndex = 0; path = Lab12_PhotoViewerTests.xctest; sourceTree = BUILT_PRODUCTS_DIR; };
		4632F6A02CFC32100064D24A /* Lab12_PhotoViewerUITests.xctest */ = {isa = PBXFileReference; explicitFileType = wrapper.cfbundle; includeInIndex = 0; path = Lab12_PhotoViewerUITests.xctest; sourceTree = BUILT_PRODUCTS_DIR; };
/* End PBXFileReference section */

/* Begin PBXFileSystemSynchronizedBuildFileExceptionSet section */
		4632F6A82CFC32100064D24A /* Exceptions for "Lab12_PhotoViewer" folder in "Lab12_PhotoViewer" target */ = {
			isa = PBXFileSystemSynchronizedBuildFileExceptionSet;
			membershipExceptions = (
				Info.plist,
			);
			target = 4632F67F2CFC320E0064D24A /* Lab12_PhotoViewer */;
		};
/* End PBXFileSystemSynchronizedBuildFileExceptionSet section */

/* Begin PBXFileSystemSynchronizedRootGroup section */
		4632F6822CFC320E0064D24A /* Lab12_PhotoViewer */ = {
			isa = PBXFileSystemSynchronizedRootGroup;
			exceptions = (
				4632F6A82CFC32100064D24A /* Exceptions for "Lab12_PhotoViewer" folder in "Lab12_PhotoViewer" target */,
			);
			path = Lab12_PhotoViewer;
			sourceTree = "<group>";
		};
		4632F6992CFC32100064D24A /* Lab12_PhotoViewerTests */ = {
			isa = PBXFileSystemSynchronizedRootGroup;
			path = Lab12_PhotoViewerTests;
			sourceTree = "<group>";
		};
		4632F6A32CFC32100064D24A /* Lab12_PhotoViewerUITests */ = {
			isa = PBXFileSystemSynchronizedRootGroup;
			path = Lab12_PhotoViewerUITests;
			sourceTree = "<group>";
		};
/* End PBXFileSystemSynchronizedRootGroup section */

/* Begin PBXFrameworksBuildPhase section */
		4632F67D2CFC320E0064D24A /* Frameworks */ = {
			isa = PBXFrameworksBuildPhase;
			buildActionMask = 2147483647;
			files = (
			);
			runOnlyForDeploymentPostprocessing = 0;
		};
		4632F6932CFC32100064D24A /* Frameworks */ = {
			isa = PBXFrameworksBuildPhase;
			buildActionMask = 2147483647;
			files = (
			);
			runOnlyForDeploymentPostprocessing = 0;
		};
		4632F69D2CFC32100064D24A /* Frameworks */ = {
			isa = PBXFrameworksBuildPhase;
			buildActionMask = 2147483647;
			files = (
			);
			runOnlyForDeploymentPostprocessing = 0;
		};
/* End PBXFrameworksBuildPhase section */

/* Begin PBXGroup section */
		4632F6772CFC320E0064D24A = {
			isa = PBXGroup;
			children = (
				4632F6822CFC320E0064D24A /* Lab12_PhotoViewer */,
				4632F6992CFC32100064D24A /* Lab12_PhotoViewerTests */,
				4632F6A32CFC32100064D24A /* Lab12_PhotoViewerUITests */,
				4632F6812CFC320E0064D24A /* Products */,
			);
			sourceTree = "<group>";
		};
		4632F6812CFC320E0064D24A /* Products */ = {
			isa = PBXGroup;
			children = (
				4632F6802CFC320E0064D24A /* Lab12_PhotoViewer.app */,
				4632F6962CFC32100064D24A /* Lab12_PhotoViewerTests.xctest */,
				4632F6A02CFC32100064D24A /* Lab12_PhotoViewerUITests.xctest */,
			);
			name = Products;
			sourceTree = "<group>";
		};
/* End PBXGroup section */

/* Begin PBXNativeTarget section */
		4632F67F2CFC320E0064D24A /* Lab12_PhotoViewer */ = {
			isa = PBXNativeTarget;
			buildConfigurationList = 4632F6A92CFC32100064D24A /* Build configuration list for PBXNativeTarget "Lab12_PhotoViewer" */;
			buildPhases = (
				4632F67C2CFC320E0064D24A /* Sources */,
				4632F67D2CFC320E0064D24A /* Frameworks */,
				4632F67E2CFC320E0064D24A /* Resources */,
			);
			buildRules = (
			);
			dependencies = (
			);
			fileSystemSynchronizedGroups = (
				4632F6822CFC320E0064D24A /* Lab12_PhotoViewer */,
			);
			name = Lab12_PhotoViewer;
			packageProductDependencies = (
			);
			productName = Lab12_PhotoViewer;
			productReference = 4632F6802CFC320E0064D24A /* Lab12_PhotoViewer.app */;
			productType = "com.apple.product-type.application";
		};
		4632F6952CFC32100064D24A /* Lab12_PhotoViewerTests */ = {
			isa = PBXNativeTarget;
			buildConfigurationList = 4632F6AE2CFC32100064D24A /* Build configuration list for PBXNativeTarget "Lab12_PhotoViewerTests" */;
			buildPhases = (
				4632F6922CFC32100064D24A /* Sources */,
				4632F6932CFC32100064D24A /* Frameworks */,
				4632F6942CFC32100064D24A /* Resources */,
			);
			buildRules = (
			);
			dependencies = (
				4632F6982CFC32100064D24A /* PBXTargetDependency */,
			);
			fileSystemSynchronizedGroups = (
				4632F6992CFC32100064D24A /* Lab12_PhotoViewerTests */,
			);
			name = Lab12_PhotoViewerTests;
			packageProductDependencies = (
			);
			productName = Lab12_PhotoViewerTests;
			productReference = 4632F6962CFC32100064D24A /* Lab12_PhotoViewerTests.xctest */;
			productType = "com.apple.product-type.bundle.unit-test";
		};
		4632F69F2CFC32100064D24A /* Lab12_PhotoViewerUITests */ = {
			isa = PBXNativeTarget;
			buildConfigurationList = 4632F6B12CFC32100064D24A /* Build configuration list for PBXNativeTarget "Lab12_PhotoViewerUITests" */;
			buildPhases = (
				4632F69C2CFC32100064D24A /* Sources */,
				4632F69D2CFC32100064D24A /* Frameworks */,
				4632F69E2CFC32100064D24A /* Resources */,
			);
			buildRules = (
			);
			dependencies = (
				4632F6A22CFC32100064D24A /* PBXTargetDependency */,
			);
			fileSystemSynchronizedGroups = (
				4632F6A32CFC32100064D24A /* Lab12_PhotoViewerUITests */,
			);
			name = Lab12_PhotoViewerUITests;
			packageProductDependencies = (
			);
			productName = Lab12_PhotoViewerUITests;
			productReference = 4632F6A02CFC32100064D24A /* Lab12_PhotoViewerUITests.xctest */;
			productType = "com.apple.product-type.bundle.ui-testing";
		};
/* End PBXNativeTarget section */

/* Begin PBXProject section */
		4632F6782CFC320E0064D24A /* Project object */ = {
			isa = PBXProject;
			attributes = {
				BuildIndependentTargetsInParallel = 1;
				LastSwiftUpdateCheck = 1610;
				LastUpgradeCheck = 1610;
				TargetAttributes = {
					4632F67F2CFC320E0064D24A = {
						CreatedOnToolsVersion = 16.1;
					};
					4632F6952CFC32100064D24A = {
						CreatedOnToolsVersion = 16.1;
						TestTargetID = 4632F67F2CFC320E0064D24A;
					};
					4632F69F2CFC32100064D24A = {
						CreatedOnToolsVersion = 16.1;
						TestTargetID = 4632F67F2CFC320E0064D24A;
					};
				};
			};
			buildConfigurationList = 4632F67B2CFC320E0064D24A /* Build configuration list for PBXProject "Lab12_PhotoViewer" */;
			developmentRegion = en;
			hasScannedForEncodings = 0;
			knownRegions = (
				en,
				Base,
			);
			mainGroup = 4632F6772CFC320E0064D24A;
			minimizedProjectReferenceProxies = 1;
			preferredProjectObjectVersion = 77;
			productRefGroup = 4632F6812CFC320E0064D24A /* Products */;
			projectDirPath = "";
			projectRoot = "";
			targets = (
				4632F67F2CFC320E0064D24A /* Lab12_PhotoViewer */,
				4632F6952CFC32100064D24A /* Lab12_PhotoViewerTests */,
				4632F69F2CFC32100064D24A /* Lab12_PhotoViewerUITests */,
			);
		};
/* End PBXProject section */

/* Begin PBXResourcesBuildPhase section */
		4632F67E2CFC320E0064D24A /* Resources */ = {
			isa = PBXResourcesBuildPhase;
			buildActionMask = 2147483647;
			files = (
			);
			runOnlyForDeploymentPostprocessing = 0;
		};
		4632F6942CFC32100064D24A /* Resources */ = {
			isa = PBXResourcesBuildPhase;
			buildActionMask = 2147483647;
			files = (
			);
			runOnlyForDeploymentPostprocessing = 0;
		};
		4632F69E2CFC32100064D24A /* Resources */ = {
			isa = PBXResourcesBuildPhase;
			buildActionMask = 2147483647;
			files = (
			);
			runOnlyForDeploymentPostprocessing = 0;
		};
/* End PBXResourcesBuildPhase section */

/* Begin PBXSourcesBuildPhase section */
		4632F67C2CFC320E0064D24A /* Sources */ = {
			isa = PBXSourcesBuildPhase;
			buildActionMask = 2147483647;
			files = (
			);
			runOnlyForDeploymentPostprocessing = 0;
		};
		4632F6922CFC32100064D24A /* Sources */ = {
			isa = PBXSourcesBuildPhase;
			buildActionMask = 2147483647;
			files = (
			);
			runOnlyForDeploymentPostprocessing = 0;
		};
		4632F69C2CFC32100064D24A /* Sources */ = {
			isa = PBXSourcesBuildPhase;
			buildActionMask = 2147483647;
			files = (
			);
			runOnlyForDeploymentPostprocessing = 0;
		};
/* End PBXSourcesBuildPhase section */

/* Begin PBXTargetDependency section */
		4632F6982CFC32100064D24A /* PBXTargetDependency */ = {
			isa = PBXTargetDependency;
			target = 4632F67F2CFC320E0064D24A /* Lab12_PhotoViewer */;
			targetProxy = 4632F6972CFC32100064D24A /* PBXContainerItemProxy */;
		};
		4632F6A22CFC32100064D24A /* PBXTargetDependency */ = {
			isa = PBXTargetDependency;
			target = 4632F67F2CFC320E0064D24A /* Lab12_PhotoViewer */;
			targetProxy = 4632F6A12CFC32100064D24A /* PBXContainerItemProxy */;
		};
/* End PBXTargetDependency section */

/* Begin XCBuildConfiguration section */
		4632F6AA2CFC32100064D24A /* Debug */ = {
			isa = XCBuildConfiguration;
			buildSettings = {
				ASSETCATALOG_COMPILER_APPICON_NAME = AppIcon;
				ASSETCATALOG_COMPILER_GLOBAL_ACCENT_COLOR_NAME = AccentColor;
				CODE_SIGN_STYLE = Automatic;
				CURRENT_PROJECT_VERSION = 1;
				DEVELOPMENT_TEAM = 483K9H9JUA;
				GENERATE_INFOPLIST_FILE = YES;
				INFOPLIST_FILE = Lab12_PhotoViewer/Info.plist;
				INFOPLIST_KEY_UIApplicationSupportsIndirectInputEvents = YES;
				INFOPLIST_KEY_UILaunchStoryboardName = LaunchScreen;
				INFOPLIST_KEY_UIMainStoryboardFile = Main;
				INFOPLIST_KEY_UISupportedInterfaceOrientations_iPad = "UIInterfaceOrientationPortrait UIInterfaceOrientationPortraitUpsideDown UIInterfaceOrientationLandscapeLeft UIInterfaceOrientationLandscapeRight";
				INFOPLIST_KEY_UISupportedInterfaceOrientations_iPhone = "UIInterfaceOrientationPortrait UIInterfaceOrientationLandscapeLeft UIInterfaceOrientationLandscapeRight";
				LD_RUNPATH_SEARCH_PATHS = (
					"$(inherited)",
					"@executable_path/Frameworks",
				);
				MARKETING_VERSION = 1.0;
				PRODUCT_BUNDLE_IDENTIFIER = "edu.tric.it.Lab12-PhotoViewer";
				PRODUCT_NAME = "$(TARGET_NAME)";
				SWIFT_EMIT_LOC_STRINGS = YES;
				SWIFT_VERSION = 5.0;
				TARGETED_DEVICE_FAMILY = "1,2";
			};
			name = Debug;
		};
		4632F6AB2CFC32100064D24A /* Release */ = {
			isa = XCBuildConfiguration;
			buildSettings = {
				ASSETCATALOG_COMPILER_APPICON_NAME = AppIcon;
				ASSETCATALOG_COMPILER_GLOBAL_ACCENT_COLOR_NAME = AccentColor;
				CODE_SIGN_STYLE = Automatic;
				CURRENT_PROJECT_VERSION = 1;
				DEVELOPMENT_TEAM = 483K9H9JUA;
				GENERATE_INFOPLIST_FILE = YES;
				INFOPLIST_FILE = Lab12_PhotoViewer/Info.plist;
				INFOPLIST_KEY_UIApplicationSupportsIndirectInputEvents = YES;
				INFOPLIST_KEY_UILaunchStoryboardName = LaunchScreen;
				INFOPLIST_KEY_UIMainStoryboardFile = Main;
				INFOPLIST_KEY_UISupportedInterfaceOrientations_iPad = "UIInterfaceOrientationPortrait UIInterfaceOrientationPortraitUpsideDown UIInterfaceOrientationLandscapeLeft UIInterfaceOrientationLandscapeRight";
				INFOPLIST_KEY_UISupportedInterfaceOrientations_iPhone = "UIInterfaceOrientationPortrait UIInterfaceOrientationLandscapeLeft UIInterfaceOrientationLandscapeRight";
				LD_RUNPATH_SEARCH_PATHS = (
					"$(inherited)",
					"@executable_path/Frameworks",
				);
				MARKETING_VERSION = 1.0;
				PRODUCT_BUNDLE_IDENTIFIER = "edu.tric.it.Lab12-PhotoViewer";
				PRODUCT_NAME = "$(TARGET_NAME)";
				SWIFT_EMIT_LOC_STRINGS = YES;
				SWIFT_VERSION = 5.0;
				TARGETED_DEVICE_FAMILY = "1,2";
			};
			name = Release;
		};
		4632F6AC2CFC32100064D24A /* Debug */ = {
			isa = XCBuildConfiguration;
			buildSettings = {
				ALWAYS_SEARCH_USER_PATHS = NO;
				ASSETCATALOG_COMPILER_GENERATE_SWIFT_ASSET_SYMBOL_EXTENSIONS = YES;
				CLANG_ANALYZER_NONNULL = YES;
				CLANG_ANALYZER_NUMBER_OBJECT_CONVERSION = YES_AGGRESSIVE;
				CLANG_CXX_LANGUAGE_STANDARD = "gnu++20";
				CLANG_ENABLE_MODULES = YES;
				CLANG_ENABLE_OBJC_ARC = YES;
				CLANG_ENABLE_OBJC_WEAK = YES;
				CLANG_WARN_BLOCK_CAPTURE_AUTORELEASING = YES;
				CLANG_WARN_BOOL_CONVERSION = YES;
				CLANG_WARN_COMMA = YES;
				CLANG_WARN_CONSTANT_CONVERSION = YES;
				CLANG_WARN_DEPRECATED_OBJC_IMPLEMENTATIONS = YES;
				CLANG_WARN_DIRECT_OBJC_ISA_USAGE = YES_ERROR;
				CLANG_WARN_DOCUMENTATION_COMMENTS = YES;
				CLANG_WARN_EMPTY_BODY = YES;
				CLANG_WARN_ENUM_CONVERSION = YES;
				CLANG_WARN_INFINITE_RECURSION = YES;
				CLANG_WARN_INT_CONVERSION = YES;
				CLANG_WARN_NON_LITERAL_NULL_CONVERSION = YES;
				CLANG_WARN_OBJC_IMPLICIT_RETAIN_SELF = YES;
				CLANG_WARN_OBJC_LITERAL_CONVERSION = YES;
				CLANG_WARN_OBJC_ROOT_CLASS = YES_ERROR;
				CLANG_WARN_QUOTED_INCLUDE_IN_FRAMEWORK_HEADER = YES;
				CLANG_WARN_RANGE_LOOP_ANALYSIS = YES;
				CLANG_WARN_STRICT_PROTOTYPES = YES;
				CLANG_WARN_SUSPICIOUS_MOVE = YES;
				CLANG_WARN_UNGUARDED_AVAILABILITY = YES_AGGRESSIVE;
				CLANG_WARN_UNREACHABLE_CODE = YES;
				CLANG_WARN__DUPLICATE_METHOD_MATCH = YES;
				COPY_PHASE_STRIP = NO;
				DEBUG_INFORMATION_FORMAT = dwarf;
				ENABLE_STRICT_OBJC_MSGSEND = YES;
				ENABLE_TESTABILITY = YES;
				ENABLE_USER_SCRIPT_SANDBOXING = YES;
				GCC_C_LANGUAGE_STANDARD = gnu17;
				GCC_DYNAMIC_NO_PIC = NO;
				GCC_NO_COMMON_BLOCKS = YES;
				GCC_OPTIMIZATION_LEVEL = 0;
				GCC_PREPROCESSOR_DEFINITIONS = (
					"DEBUG=1",
					"$(inherited)",
				);
				GCC_WARN_64_TO_32_BIT_CONVERSION = YES;
				GCC_WARN_ABOUT_RETURN_TYPE = YES_ERROR;
				GCC_WARN_UNDECLARED_SELECTOR = YES;
				GCC_WARN_UNINITIALIZED_AUTOS = YES_AGGRESSIVE;
				GCC_WARN_UNUSED_FUNCTION = YES;
				GCC_WARN_UNUSED_VARIABLE = YES;
				IPHONEOS_DEPLOYMENT_TARGET = 18.1;
				LOCALIZATION_PREFERS_STRING_CATALOGS = YES;
				MTL_ENABLE_DEBUG_INFO = INCLUDE_SOURCE;
				MTL_FAST_MATH = YES;
				ONLY_ACTIVE_ARCH = YES;
				SDKROOT = iphoneos;
				SWIFT_ACTIVE_COMPILATION_CONDITIONS = "DEBUG $(inherited)";
				SWIFT_OPTIMIZATION_LEVEL = "-Onone";
			};
			name = Debug;
		};
		4632F6AD2CFC32100064D24A /* Release */ = {
			isa = XCBuildConfiguration;
			buildSettings = {
				ALWAYS_SEARCH_USER_PATHS = NO;
				ASSETCATALOG_COMPILER_GENERATE_SWIFT_ASSET_SYMBOL_EXTENSIONS = YES;
				CLANG_ANALYZER_NONNULL = YES;
				CLANG_ANALYZER_NUMBER_OBJECT_CONVERSION = YES_AGGRESSIVE;
				CLANG_CXX_LANGUAGE_STANDARD = "gnu++20";
				CLANG_ENABLE_MODULES = YES;
				CLANG_ENABLE_OBJC_ARC = YES;
				CLANG_ENABLE_OBJC_WEAK = YES;
				CLANG_WARN_BLOCK_CAPTURE_AUTORELEASING = YES;
				CLANG_WARN_BOOL_CONVERSION = YES;
				CLANG_WARN_COMMA = YES;
				CLANG_WARN_CONSTANT_CONVERSION = YES;
				CLANG_WARN_DEPRECATED_OBJC_IMPLEMENTATIONS = YES;
				CLANG_WARN_DIRECT_OBJC_ISA_USAGE = YES_ERROR;
				CLANG_WARN_DOCUMENTATION_COMMENTS = YES;
				CLANG_WARN_EMPTY_BODY = YES;
				CLANG_WARN_ENUM_CONVERSION = YES;
				CLANG_WARN_INFINITE_RECURSION = YES;
				CLANG_WARN_INT_CONVERSION = YES;
				CLANG_WARN_NON_LITERAL_NULL_CONVERSION = YES;
				CLANG_WARN_OBJC_IMPLICIT_RETAIN_SELF = YES;
				CLANG_WARN_OBJC_LITERAL_CONVERSION = YES;
				CLANG_WARN_OBJC_ROOT_CLASS = YES_ERROR;
				CLANG_WARN_QUOTED_INCLUDE_IN_FRAMEWORK_HEADER = YES;
				CLANG_WARN_RANGE_LOOP_ANALYSIS = YES;
				CLANG_WARN_STRICT_PROTOTYPES = YES;
				CLANG_WARN_SUSPICIOUS_MOVE = YES;
				CLANG_WARN_UNGUARDED_AVAILABILITY = YES_AGGRESSIVE;
				CLANG_WARN_UNREACHABLE_CODE = YES;
				CLANG_WARN__DUPLICATE_METHOD_MATCH = YES;
				COPY_PHASE_STRIP = NO;
				DEBUG_INFORMATION_FORMAT = "dwarf-with-dsym";
				ENABLE_NS_ASSERTIONS = NO;
				ENABLE_STRICT_OBJC_MSGSEND = YES;
				ENABLE_USER_SCRIPT_SANDBOXING = YES;
				GCC_C_LANGUAGE_STANDARD = gnu17;
				GCC_NO_COMMON_BLOCKS = YES;
				GCC_WARN_64_TO_32_BIT_CONVERSION = YES;
				GCC_WARN_ABOUT_RETURN_TYPE = YES_ERROR;
				GCC_WARN_UNDECLARED_SELECTOR = YES;
				GCC_WARN_UNINITIALIZED_AUTOS = YES_AGGRESSIVE;
				GCC_WARN_UNUSED_FUNCTION = YES;
				GCC_WARN_UNUSED_VARIABLE = YES;
				IPHONEOS_DEPLOYMENT_TARGET = 18.1;
				LOCALIZATION_PREFERS_STRING_CATALOGS = YES;
				MTL_ENABLE_DEBUG_INFO = NO;
				MTL_FAST_MATH = YES;
				SDKROOT = iphoneos;
				SWIFT_COMPILATION_MODE = wholemodule;
				VALIDATE_PRODUCT = YES;
			};
			name = Release;
		};
		4632F6AF2CFC32100064D24A /* Debug */ = {
			isa = XCBuildConfiguration;
			buildSettings = {
				BUNDLE_LOADER = "$(TEST_HOST)";
				CODE_SIGN_STYLE = Automatic;
				CURRENT_PROJECT_VERSION = 1;
				DEVELOPMENT_TEAM = 483K9H9JUA;
				GENERATE_INFOPLIST_FILE = YES;
				IPHONEOS_DEPLOYMENT_TARGET = 18.1;
				MARKETING_VERSION = 1.0;
				PRODUCT_BUNDLE_IDENTIFIER = "edu.tric.it.Lab12-PhotoViewerTests";
				PRODUCT_NAME = "$(TARGET_NAME)";
				SWIFT_EMIT_LOC_STRINGS = NO;
				SWIFT_VERSION = 5.0;
				TARGETED_DEVICE_FAMILY = "1,2";
				TEST_HOST = "$(BUILT_PRODUCTS_DIR)/Lab12_PhotoViewer.app/$(BUNDLE_EXECUTABLE_FOLDER_PATH)/Lab12_PhotoViewer";
			};
			name = Debug;
		};
		4632F6B02CFC32100064D24A /* Release */ = {
			isa = XCBuildConfiguration;
			buildSettings = {
				BUNDLE_LOADER = "$(TEST_HOST)";
				CODE_SIGN_STYLE = Automatic;
				CURRENT_PROJECT_VERSION = 1;
				DEVELOPMENT_TEAM = 483K9H9JUA;
				GENERATE_INFOPLIST_FILE = YES;
				IPHONEOS_DEPLOYMENT_TARGET = 18.1;
				MARKETING_VERSION = 1.0;
				PRODUCT_BUNDLE_IDENTIFIER = "edu.tric.it.Lab12-PhotoViewerTests";
				PRODUCT_NAME = "$(TARGET_NAME)";
				SWIFT_EMIT_LOC_STRINGS = NO;
				SWIFT_VERSION = 5.0;
				TARGETED_DEVICE_FAMILY = "1,2";
				TEST_HOST = "$(BUILT_PRODUCTS_DIR)/Lab12_PhotoViewer.app/$(BUNDLE_EXECUTABLE_FOLDER_PATH)/Lab12_PhotoViewer";
			};
			name = Release;
		};
		4632F6B22CFC32100064D24A /* Debug */ = {
			isa = XCBuildConfiguration;
			buildSettings = {
				CODE_SIGN_STYLE = Automatic;
				CURRENT_PROJECT_VERSION = 1;
				DEVELOPMENT_TEAM = 483K9H9JUA;
				GENERATE_INFOPLIST_FILE = YES;
				MARKETING_VERSION = 1.0;
				PRODUCT_BUNDLE_IDENTIFIER = "edu.tric.it.Lab12-PhotoViewerUITests";
				PRODUCT_NAME = "$(TARGET_NAME)";
				SWIFT_EMIT_LOC_STRINGS = NO;
				SWIFT_VERSION = 5.0;
				TARGETED_DEVICE_FAMILY = "1,2";
				TEST_TARGET_NAME = Lab12_PhotoViewer;
			};
			name = Debug;
		};
		4632F6B32CFC32100064D24A /* Release */ = {
			isa = XCBuildConfiguration;
			buildSettings = {
				CODE_SIGN_STYLE = Automatic;
				CURRENT_PROJECT_VERSION = 1;
				DEVELOPMENT_TEAM = 483K9H9JUA;
				GENERATE_INFOPLIST_FILE = YES;
				MARKETING_VERSION = 1.0;
				PRODUCT_BUNDLE_IDENTIFIER = "edu.tric.it.Lab12-PhotoViewerUITests";
				PRODUCT_NAME = "$(TARGET_NAME)";
				SWIFT_EMIT_LOC_STRINGS = NO;
				SWIFT_VERSION = 5.0;
				TARGETED_DEVICE_FAMILY = "1,2";
				TEST_TARGET_NAME = Lab12_PhotoViewer;
			};
			name = Release;
		};
/* End XCBuildConfiguration section */

/* Begin XCConfigurationList section */
		4632F67B2CFC320E0064D24A /* Build configuration list for PBXProject "Lab12_PhotoViewer" */ = {
			isa = XCConfigurationList;
			buildConfigurations = (
				4632F6AC2CFC32100064D24A /* Debug */,
				4632F6AD2CFC32100064D24A /* Release */,
			);
			defaultConfigurationIsVisible = 0;
			defaultConfigurationName = Release;
		};
		4632F6A92CFC32100064D24A /* Build configuration list for PBXNativeTarget "Lab12_PhotoViewer" */ = {
			isa = XCConfigurationList;
			buildConfigurations = (
				4632F6AA2CFC32100064D24A /* Debug */,
				4632F6AB2CFC32100064D24A /* Release */,
			);
			defaultConfigurationIsVisible = 0;
			defaultConfigurationName = Release;
		};
		4632F6AE2CFC32100064D24A /* Build configuration list for PBXNativeTarget "Lab12_PhotoViewerTests" */ = {
			isa = XCConfigurationList;
			buildConfigurations = (
				4632F6AF2CFC32100064D24A /* Debug */,
				4632F6B02CFC32100064D24A /* Release */,
			);
			defaultConfigurationIsVisible = 0;
			defaultConfigurationName = Release;
		};
		4632F6B12CFC32100064D24A /* Build configuration list for PBXNativeTarget "Lab12_PhotoViewerUITests" */ = {
			isa = XCConfigurationList;
			buildConfigurations = (
				4632F6B22CFC32100064D24A /* Debug */,
				4632F6B32CFC32100064D24A /* Release */,
			);
			defaultConfigurationIsVisible = 0;
			defaultConfigurationName = Release;
		};
/* End XCConfigurationList section */
	};
	rootObject = 4632F6782CFC320E0064D24A /* Project object */;
}
