// !$*UTF8*$!
{
	archiveVersion = 1;
	classes = {
	};
	objectVersion = 77;
	objects = {

/* Begin PBXContainerItemProxy section */
		460108672CC19AC9004073D7 /* PBXContainerItemProxy */ = {
			isa = PBXContainerItemProxy;
			containerPortal = 460108482CC19AC8004073D7 /* Project object */;
			proxyType = 1;
			remoteGlobalIDString = 4601084F2CC19AC8004073D7;
			remoteInfo = Lab06_TextInput;
		};
		460108712CC19AC9004073D7 /* PBXContainerItemProxy */ = {
			isa = PBXContainerItemProxy;
			containerPortal = 460108482CC19AC8004073D7 /* Project object */;
			proxyType = 1;
			remoteGlobalIDString = 4601084F2CC19AC8004073D7;
			remoteInfo = Lab06_TextInput;
		};
/* End PBXContainerItemProxy section */

/* Begin PBXFileReference section */
		460108502CC19AC8004073D7 /* Lab06_TextInput.app */ = {isa = PBXFileReference; explicitFileType = wrapper.application; includeInIndex = 0; path = Lab06_TextInput.app; sourceTree = BUILT_PRODUCTS_DIR; };
		460108662CC19AC9004073D7 /* Lab06_TextInputTests.xctest */ = {isa = PBXFileReference; explicitFileType = wrapper.cfbundle; includeInIndex = 0; path = Lab06_TextInputTests.xctest; sourceTree = BUILT_PRODUCTS_DIR; };
		460108702CC19AC9004073D7 /* Lab06_TextInputUITests.xctest */ = {isa = PBXFileReference; explicitFileType = wrapper.cfbundle; includeInIndex = 0; path = Lab06_TextInputUITests.xctest; sourceTree = BUILT_PRODUCTS_DIR; };
/* End PBXFileReference section */

/* Begin PBXFileSystemSynchronizedBuildFileExceptionSet section */
		460108782CC19AC9004073D7 /* Exceptions for "Lab06_TextInput" folder in "Lab06_TextInput" target */ = {
			isa = PBXFileSystemSynchronizedBuildFileExceptionSet;
			membershipExceptions = (
				Info.plist,
			);
			target = 4601084F2CC19AC8004073D7 /* Lab06_TextInput */;
		};
/* End PBXFileSystemSynchronizedBuildFileExceptionSet section */

/* Begin PBXFileSystemSynchronizedRootGroup section */
		460108522CC19AC8004073D7 /* Lab06_TextInput */ = {
			isa = PBXFileSystemSynchronizedRootGroup;
			exceptions = (
				460108782CC19AC9004073D7 /* Exceptions for "Lab06_TextInput" folder in "Lab06_TextInput" target */,
			);
			path = Lab06_TextInput;
			sourceTree = "<group>";
		};
		460108692CC19AC9004073D7 /* Lab06_TextInputTests */ = {
			isa = PBXFileSystemSynchronizedRootGroup;
			path = Lab06_TextInputTests;
			sourceTree = "<group>";
		};
		460108732CC19AC9004073D7 /* Lab06_TextInputUITests */ = {
			isa = PBXFileSystemSynchronizedRootGroup;
			path = Lab06_TextInputUITests;
			sourceTree = "<group>";
		};
/* End PBXFileSystemSynchronizedRootGroup section */

/* Begin PBXFrameworksBuildPhase section */
		4601084D2CC19AC8004073D7 /* Frameworks */ = {
			isa = PBXFrameworksBuildPhase;
			buildActionMask = 2147483647;
			files = (
			);
			runOnlyForDeploymentPostprocessing = 0;
		};
		460108632CC19AC9004073D7 /* Frameworks */ = {
			isa = PBXFrameworksBuildPhase;
			buildActionMask = 2147483647;
			files = (
			);
			runOnlyForDeploymentPostprocessing = 0;
		};
		4601086D2CC19AC9004073D7 /* Frameworks */ = {
			isa = PBXFrameworksBuildPhase;
			buildActionMask = 2147483647;
			files = (
			);
			runOnlyForDeploymentPostprocessing = 0;
		};
/* End PBXFrameworksBuildPhase section */

/* Begin PBXGroup section */
		460108472CC19AC8004073D7 = {
			isa = PBXGroup;
			children = (
				460108522CC19AC8004073D7 /* Lab06_TextInput */,
				460108692CC19AC9004073D7 /* Lab06_TextInputTests */,
				460108732CC19AC9004073D7 /* Lab06_TextInputUITests */,
				460108512CC19AC8004073D7 /* Products */,
			);
			sourceTree = "<group>";
		};
		460108512CC19AC8004073D7 /* Products */ = {
			isa = PBXGroup;
			children = (
				460108502CC19AC8004073D7 /* Lab06_TextInput.app */,
				460108662CC19AC9004073D7 /* Lab06_TextInputTests.xctest */,
				460108702CC19AC9004073D7 /* Lab06_TextInputUITests.xctest */,
			);
			name = Products;
			sourceTree = "<group>";
		};
/* End PBXGroup section */

/* Begin PBXNativeTarget section */
		4601084F2CC19AC8004073D7 /* Lab06_TextInput */ = {
			isa = PBXNativeTarget;
			buildConfigurationList = 460108792CC19AC9004073D7 /* Build configuration list for PBXNativeTarget "Lab06_TextInput" */;
			buildPhases = (
				4601084C2CC19AC8004073D7 /* Sources */,
				4601084D2CC19AC8004073D7 /* Frameworks */,
				4601084E2CC19AC8004073D7 /* Resources */,
			);
			buildRules = (
			);
			dependencies = (
			);
			fileSystemSynchronizedGroups = (
				460108522CC19AC8004073D7 /* Lab06_TextInput */,
			);
			name = Lab06_TextInput;
			packageProductDependencies = (
			);
			productName = Lab06_TextInput;
			productReference = 460108502CC19AC8004073D7 /* Lab06_TextInput.app */;
			productType = "com.apple.product-type.application";
		};
		460108652CC19AC9004073D7 /* Lab06_TextInputTests */ = {
			isa = PBXNativeTarget;
			buildConfigurationList = 4601087E2CC19AC9004073D7 /* Build configuration list for PBXNativeTarget "Lab06_TextInputTests" */;
			buildPhases = (
				460108622CC19AC9004073D7 /* Sources */,
				460108632CC19AC9004073D7 /* Frameworks */,
				460108642CC19AC9004073D7 /* Resources */,
			);
			buildRules = (
			);
			dependencies = (
				460108682CC19AC9004073D7 /* PBXTargetDependency */,
			);
			fileSystemSynchronizedGroups = (
				460108692CC19AC9004073D7 /* Lab06_TextInputTests */,
			);
			name = Lab06_TextInputTests;
			packageProductDependencies = (
			);
			productName = Lab06_TextInputTests;
			productReference = 460108662CC19AC9004073D7 /* Lab06_TextInputTests.xctest */;
			productType = "com.apple.product-type.bundle.unit-test";
		};
		4601086F2CC19AC9004073D7 /* Lab06_TextInputUITests */ = {
			isa = PBXNativeTarget;
			buildConfigurationList = 460108812CC19AC9004073D7 /* Build configuration list for PBXNativeTarget "Lab06_TextInputUITests" */;
			buildPhases = (
				4601086C2CC19AC9004073D7 /* Sources */,
				4601086D2CC19AC9004073D7 /* Frameworks */,
				4601086E2CC19AC9004073D7 /* Resources */,
			);
			buildRules = (
			);
			dependencies = (
				460108722CC19AC9004073D7 /* PBXTargetDependency */,
			);
			fileSystemSynchronizedGroups = (
				460108732CC19AC9004073D7 /* Lab06_TextInputUITests */,
			);
			name = Lab06_TextInputUITests;
			packageProductDependencies = (
			);
			productName = Lab06_TextInputUITests;
			productReference = 460108702CC19AC9004073D7 /* Lab06_TextInputUITests.xctest */;
			productType = "com.apple.product-type.bundle.ui-testing";
		};
/* End PBXNativeTarget section */

/* Begin PBXProject section */
		460108482CC19AC8004073D7 /* Project object */ = {
			isa = PBXProject;
			attributes = {
				BuildIndependentTargetsInParallel = 1;
				LastSwiftUpdateCheck = 1600;
				LastUpgradeCheck = 1600;
				TargetAttributes = {
					4601084F2CC19AC8004073D7 = {
						CreatedOnToolsVersion = 16.0;
					};
					460108652CC19AC9004073D7 = {
						CreatedOnToolsVersion = 16.0;
						TestTargetID = 4601084F2CC19AC8004073D7;
					};
					4601086F2CC19AC9004073D7 = {
						CreatedOnToolsVersion = 16.0;
						TestTargetID = 4601084F2CC19AC8004073D7;
					};
				};
			};
			buildConfigurationList = 4601084B2CC19AC8004073D7 /* Build configuration list for PBXProject "Lab06_TextInput" */;
			developmentRegion = en;
			hasScannedForEncodings = 0;
			knownRegions = (
				en,
				Base,
			);
			mainGroup = 460108472CC19AC8004073D7;
			minimizedProjectReferenceProxies = 1;
			preferredProjectObjectVersion = 77;
			productRefGroup = 460108512CC19AC8004073D7 /* Products */;
			projectDirPath = "";
			projectRoot = "";
			targets = (
				4601084F2CC19AC8004073D7 /* Lab06_TextInput */,
				460108652CC19AC9004073D7 /* Lab06_TextInputTests */,
				4601086F2CC19AC9004073D7 /* Lab06_TextInputUITests */,
			);
		};
/* End PBXProject section */

/* Begin PBXResourcesBuildPhase section */
		4601084E2CC19AC8004073D7 /* Resources */ = {
			isa = PBXResourcesBuildPhase;
			buildActionMask = 2147483647;
			files = (
			);
			runOnlyForDeploymentPostprocessing = 0;
		};
		460108642CC19AC9004073D7 /* Resources */ = {
			isa = PBXResourcesBuildPhase;
			buildActionMask = 2147483647;
			files = (
			);
			runOnlyForDeploymentPostprocessing = 0;
		};
		4601086E2CC19AC9004073D7 /* Resources */ = {
			isa = PBXResourcesBuildPhase;
			buildActionMask = 2147483647;
			files = (
			);
			runOnlyForDeploymentPostprocessing = 0;
		};
/* End PBXResourcesBuildPhase section */

/* Begin PBXSourcesBuildPhase section */
		4601084C2CC19AC8004073D7 /* Sources */ = {
			isa = PBXSourcesBuildPhase;
			buildActionMask = 2147483647;
			files = (
			);
			runOnlyForDeploymentPostprocessing = 0;
		};
		460108622CC19AC9004073D7 /* Sources */ = {
			isa = PBXSourcesBuildPhase;
			buildActionMask = 2147483647;
			files = (
			);
			runOnlyForDeploymentPostprocessing = 0;
		};
		4601086C2CC19AC9004073D7 /* Sources */ = {
			isa = PBXSourcesBuildPhase;
			buildActionMask = 2147483647;
			files = (
			);
			runOnlyForDeploymentPostprocessing = 0;
		};
/* End PBXSourcesBuildPhase section */

/* Begin PBXTargetDependency section */
		460108682CC19AC9004073D7 /* PBXTargetDependency */ = {
			isa = PBXTargetDependency;
			target = 4601084F2CC19AC8004073D7 /* Lab06_TextInput */;
			targetProxy = 460108672CC19AC9004073D7 /* PBXContainerItemProxy */;
		};
		460108722CC19AC9004073D7 /* PBXTargetDependency */ = {
			isa = PBXTargetDependency;
			target = 4601084F2CC19AC8004073D7 /* Lab06_TextInput */;
			targetProxy = 460108712CC19AC9004073D7 /* PBXContainerItemProxy */;
		};
/* End PBXTargetDependency section */

/* Begin XCBuildConfiguration section */
		4601087A2CC19AC9004073D7 /* Debug */ = {
			isa = XCBuildConfiguration;
			buildSettings = {
				ASSETCATALOG_COMPILER_APPICON_NAME = AppIcon;
				ASSETCATALOG_COMPILER_GLOBAL_ACCENT_COLOR_NAME = AccentColor;
				CODE_SIGN_STYLE = Automatic;
				CURRENT_PROJECT_VERSION = 1;
				DEVELOPMENT_TEAM = 483K9H9JUA;
				GENERATE_INFOPLIST_FILE = YES;
				INFOPLIST_FILE = Lab06_TextInput/Info.plist;
				INFOPLIST_KEY_UIApplicationSupportsIndirectInputEvents = YES;
				INFOPLIST_KEY_UILaunchStoryboardName = LaunchScreen;
				INFOPLIST_KEY_UIMainStoryboardFile = Main;
				INFOPLIST_KEY_UISupportedInterfaceOrientations_iPad = "UIInterfaceOrientationPortrait UIInterfaceOrientationPortraitUpsideDown UIInterfaceOrientationLandscapeLeft UIInterfaceOrientationLandscapeRight";
				INFOPLIST_KEY_UISupportedInterfaceOrientations_iPhone = "UIInterfaceOrientationPortrait UIInterfaceOrientationLandscapeLeft UIInterfaceOrientationLandscapeRight";
				LD_RUNPATH_SEARCH_PATHS = (
					"$(inherited)",
					"@executable_path/Frameworks",
				);
				MARKETING_VERSION = 1.0;
				PRODUCT_BUNDLE_IDENTIFIER = "edu.tric.it.Lab06-TextInput";
				PRODUCT_NAME = "$(TARGET_NAME)";
				SWIFT_EMIT_LOC_STRINGS = YES;
				SWIFT_VERSION = 5.0;
				TARGETED_DEVICE_FAMILY = "1,2";
			};
			name = Debug;
		};
		4601087B2CC19AC9004073D7 /* Release */ = {
			isa = XCBuildConfiguration;
			buildSettings = {
				ASSETCATALOG_COMPILER_APPICON_NAME = AppIcon;
				ASSETCATALOG_COMPILER_GLOBAL_ACCENT_COLOR_NAME = AccentColor;
				CODE_SIGN_STYLE = Automatic;
				CURRENT_PROJECT_VERSION = 1;
				DEVELOPMENT_TEAM = 483K9H9JUA;
				GENERATE_INFOPLIST_FILE = YES;
				INFOPLIST_FILE = Lab06_TextInput/Info.plist;
				INFOPLIST_KEY_UIApplicationSupportsIndirectInputEvents = YES;
				INFOPLIST_KEY_UILaunchStoryboardName = LaunchScreen;
				INFOPLIST_KEY_UIMainStoryboardFile = Main;
				INFOPLIST_KEY_UISupportedInterfaceOrientations_iPad = "UIInterfaceOrientationPortrait UIInterfaceOrientationPortraitUpsideDown UIInterfaceOrientationLandscapeLeft UIInterfaceOrientationLandscapeRight";
				INFOPLIST_KEY_UISupportedInterfaceOrientations_iPhone = "UIInterfaceOrientationPortrait UIInterfaceOrientationLandscapeLeft UIInterfaceOrientationLandscapeRight";
				LD_RUNPATH_SEARCH_PATHS = (
					"$(inherited)",
					"@executable_path/Frameworks",
				);
				MARKETING_VERSION = 1.0;
				PRODUCT_BUNDLE_IDENTIFIER = "edu.tric.it.Lab06-TextInput";
				PRODUCT_NAME = "$(TARGET_NAME)";
				SWIFT_EMIT_LOC_STRINGS = YES;
				SWIFT_VERSION = 5.0;
				TARGETED_DEVICE_FAMILY = "1,2";
			};
			name = Release;
		};
		4601087C2CC19AC9004073D7 /* Debug */ = {
			isa = XCBuildConfiguration;
			buildSettings = {
				ALWAYS_SEARCH_USER_PATHS = NO;
				ASSETCATALOG_COMPILER_GENERATE_SWIFT_ASSET_SYMBOL_EXTENSIONS = YES;
				CLANG_ANALYZER_NONNULL = YES;
				CLANG_ANALYZER_NUMBER_OBJECT_CONVERSION = YES_AGGRESSIVE;
				CLANG_CXX_LANGUAGE_STANDARD = "gnu++20";
				CLANG_ENABLE_MODULES = YES;
				CLANG_ENABLE_OBJC_ARC = YES;
				CLANG_ENABLE_OBJC_WEAK = YES;
				CLANG_WARN_BLOCK_CAPTURE_AUTORELEASING = YES;
				CLANG_WARN_BOOL_CONVERSION = YES;
				CLANG_WARN_COMMA = YES;
				CLANG_WARN_CONSTANT_CONVERSION = YES;
				CLANG_WARN_DEPRECATED_OBJC_IMPLEMENTATIONS = YES;
				CLANG_WARN_DIRECT_OBJC_ISA_USAGE = YES_ERROR;
				CLANG_WARN_DOCUMENTATION_COMMENTS = YES;
				CLANG_WARN_EMPTY_BODY = YES;
				CLANG_WARN_ENUM_CONVERSION = YES;
				CLANG_WARN_INFINITE_RECURSION = YES;
				CLANG_WARN_INT_CONVERSION = YES;
				CLANG_WARN_NON_LITERAL_NULL_CONVERSION = YES;
				CLANG_WARN_OBJC_IMPLICIT_RETAIN_SELF = YES;
				CLANG_WARN_OBJC_LITERAL_CONVERSION = YES;
				CLANG_WARN_OBJC_ROOT_CLASS = YES_ERROR;
				CLANG_WARN_QUOTED_INCLUDE_IN_FRAMEWORK_HEADER = YES;
				CLANG_WARN_RANGE_LOOP_ANALYSIS = YES;
				CLANG_WARN_STRICT_PROTOTYPES = YES;
				CLANG_WARN_SUSPICIOUS_MOVE = YES;
				CLANG_WARN_UNGUARDED_AVAILABILITY = YES_AGGRESSIVE;
				CLANG_WARN_UNREACHABLE_CODE = YES;
				CLANG_WARN__DUPLICATE_METHOD_MATCH = YES;
				COPY_PHASE_STRIP = NO;
				DEBUG_INFORMATION_FORMAT = dwarf;
				ENABLE_STRICT_OBJC_MSGSEND = YES;
				ENABLE_TESTABILITY = YES;
				ENABLE_USER_SCRIPT_SANDBOXING = YES;
				GCC_C_LANGUAGE_STANDARD = gnu17;
				GCC_DYNAMIC_NO_PIC = NO;
				GCC_NO_COMMON_BLOCKS = YES;
				GCC_OPTIMIZATION_LEVEL = 0;
				GCC_PREPROCESSOR_DEFINITIONS = (
					"DEBUG=1",
					"$(inherited)",
				);
				GCC_WARN_64_TO_32_BIT_CONVERSION = YES;
				GCC_WARN_ABOUT_RETURN_TYPE = YES_ERROR;
				GCC_WARN_UNDECLARED_SELECTOR = YES;
				GCC_WARN_UNINITIALIZED_AUTOS = YES_AGGRESSIVE;
				GCC_WARN_UNUSED_FUNCTION = YES;
				GCC_WARN_UNUSED_VARIABLE = YES;
				IPHONEOS_DEPLOYMENT_TARGET = 18.0;
				LOCALIZATION_PREFERS_STRING_CATALOGS = YES;
				MTL_ENABLE_DEBUG_INFO = INCLUDE_SOURCE;
				MTL_FAST_MATH = YES;
				ONLY_ACTIVE_ARCH = YES;
				SDKROOT = iphoneos;
				SWIFT_ACTIVE_COMPILATION_CONDITIONS = "DEBUG $(inherited)";
				SWIFT_OPTIMIZATION_LEVEL = "-Onone";
			};
			name = Debug;
		};
		4601087D2CC19AC9004073D7 /* Release */ = {
			isa = XCBuildConfiguration;
			buildSettings = {
				ALWAYS_SEARCH_USER_PATHS = NO;
				ASSETCATALOG_COMPILER_GENERATE_SWIFT_ASSET_SYMBOL_EXTENSIONS = YES;
				CLANG_ANALYZER_NONNULL = YES;
				CLANG_ANALYZER_NUMBER_OBJECT_CONVERSION = YES_AGGRESSIVE;
				CLANG_CXX_LANGUAGE_STANDARD = "gnu++20";
				CLANG_ENABLE_MODULES = YES;
				CLANG_ENABLE_OBJC_ARC = YES;
				CLANG_ENABLE_OBJC_WEAK = YES;
				CLANG_WARN_BLOCK_CAPTURE_AUTORELEASING = YES;
				CLANG_WARN_BOOL_CONVERSION = YES;
				CLANG_WARN_COMMA = YES;
				CLANG_WARN_CONSTANT_CONVERSION = YES;
				CLANG_WARN_DEPRECATED_OBJC_IMPLEMENTATIONS = YES;
				CLANG_WARN_DIRECT_OBJC_ISA_USAGE = YES_ERROR;
				CLANG_WARN_DOCUMENTATION_COMMENTS = YES;
				CLANG_WARN_EMPTY_BODY = YES;
				CLANG_WARN_ENUM_CONVERSION = YES;
				CLANG_WARN_INFINITE_RECURSION = YES;
				CLANG_WARN_INT_CONVERSION = YES;
				CLANG_WARN_NON_LITERAL_NULL_CONVERSION = YES;
				CLANG_WARN_OBJC_IMPLICIT_RETAIN_SELF = YES;
				CLANG_WARN_OBJC_LITERAL_CONVERSION = YES;
				CLANG_WARN_OBJC_ROOT_CLASS = YES_ERROR;
				CLANG_WARN_QUOTED_INCLUDE_IN_FRAMEWORK_HEADER = YES;
				CLANG_WARN_RANGE_LOOP_ANALYSIS = YES;
				CLANG_WARN_STRICT_PROTOTYPES = YES;
				CLANG_WARN_SUSPICIOUS_MOVE = YES;
				CLANG_WARN_UNGUARDED_AVAILABILITY = YES_AGGRESSIVE;
				CLANG_WARN_UNREACHABLE_CODE = YES;
				CLANG_WARN__DUPLICATE_METHOD_MATCH = YES;
				COPY_PHASE_STRIP = NO;
				DEBUG_INFORMATION_FORMAT = "dwarf-with-dsym";
				ENABLE_NS_ASSERTIONS = NO;
				ENABLE_STRICT_OBJC_MSGSEND = YES;
				ENABLE_USER_SCRIPT_SANDBOXING = YES;
				GCC_C_LANGUAGE_STANDARD = gnu17;
				GCC_NO_COMMON_BLOCKS = YES;
				GCC_WARN_64_TO_32_BIT_CONVERSION = YES;
				GCC_WARN_ABOUT_RETURN_TYPE = YES_ERROR;
				GCC_WARN_UNDECLARED_SELECTOR = YES;
				GCC_WARN_UNINITIALIZED_AUTOS = YES_AGGRESSIVE;
				GCC_WARN_UNUSED_FUNCTION = YES;
				GCC_WARN_UNUSED_VARIABLE = YES;
				IPHONEOS_DEPLOYMENT_TARGET = 18.0;
				LOCALIZATION_PREFERS_STRING_CATALOGS = YES;
				MTL_ENABLE_DEBUG_INFO = NO;
				MTL_FAST_MATH = YES;
				SDKROOT = iphoneos;
				SWIFT_COMPILATION_MODE = wholemodule;
				VALIDATE_PRODUCT = YES;
			};
			name = Release;
		};
		4601087F2CC19AC9004073D7 /* Debug */ = {
			isa = XCBuildConfiguration;
			buildSettings = {
				BUNDLE_LOADER = "$(TEST_HOST)";
				CODE_SIGN_STYLE = Automatic;
				CURRENT_PROJECT_VERSION = 1;
				DEVELOPMENT_TEAM = 483K9H9JUA;
				GENERATE_INFOPLIST_FILE = YES;
				IPHONEOS_DEPLOYMENT_TARGET = 18.0;
				MARKETING_VERSION = 1.0;
				PRODUCT_BUNDLE_IDENTIFIER = "edu.tric.it.Lab06-TextInputTests";
				PRODUCT_NAME = "$(TARGET_NAME)";
				SWIFT_EMIT_LOC_STRINGS = NO;
				SWIFT_VERSION = 5.0;
				TARGETED_DEVICE_FAMILY = "1,2";
				TEST_HOST = "$(BUILT_PRODUCTS_DIR)/Lab06_TextInput.app/$(BUNDLE_EXECUTABLE_FOLDER_PATH)/Lab06_TextInput";
			};
			name = Debug;
		};
		460108802CC19AC9004073D7 /* Release */ = {
			isa = XCBuildConfiguration;
			buildSettings = {
				BUNDLE_LOADER = "$(TEST_HOST)";
				CODE_SIGN_STYLE = Automatic;
				CURRENT_PROJECT_VERSION = 1;
				DEVELOPMENT_TEAM = 483K9H9JUA;
				GENERATE_INFOPLIST_FILE = YES;
				IPHONEOS_DEPLOYMENT_TARGET = 18.0;
				MARKETING_VERSION = 1.0;
				PRODUCT_BUNDLE_IDENTIFIER = "edu.tric.it.Lab06-TextInputTests";
				PRODUCT_NAME = "$(TARGET_NAME)";
				SWIFT_EMIT_LOC_STRINGS = NO;
				SWIFT_VERSION = 5.0;
				TARGETED_DEVICE_FAMILY = "1,2";
				TEST_HOST = "$(BUILT_PRODUCTS_DIR)/Lab06_TextInput.app/$(BUNDLE_EXECUTABLE_FOLDER_PATH)/Lab06_TextInput";
			};
			name = Release;
		};
		460108822CC19AC9004073D7 /* Debug */ = {
			isa = XCBuildConfiguration;
			buildSettings = {
				CODE_SIGN_STYLE = Automatic;
				CURRENT_PROJECT_VERSION = 1;
				DEVELOPMENT_TEAM = 483K9H9JUA;
				GENERATE_INFOPLIST_FILE = YES;
				MARKETING_VERSION = 1.0;
				PRODUCT_BUNDLE_IDENTIFIER = "edu.tric.it.Lab06-TextInputUITests";
				PRODUCT_NAME = "$(TARGET_NAME)";
				SWIFT_EMIT_LOC_STRINGS = NO;
				SWIFT_VERSION = 5.0;
				TARGETED_DEVICE_FAMILY = "1,2";
				TEST_TARGET_NAME = Lab06_TextInput;
			};
			name = Debug;
		};
		460108832CC19AC9004073D7 /* Release */ = {
			isa = XCBuildConfiguration;
			buildSettings = {
				CODE_SIGN_STYLE = Automatic;
				CURRENT_PROJECT_VERSION = 1;
				DEVELOPMENT_TEAM = 483K9H9JUA;
				GENERATE_INFOPLIST_FILE = YES;
				MARKETING_VERSION = 1.0;
				PRODUCT_BUNDLE_IDENTIFIER = "edu.tric.it.Lab06-TextInputUITests";
				PRODUCT_NAME = "$(TARGET_NAME)";
				SWIFT_EMIT_LOC_STRINGS = NO;
				SWIFT_VERSION = 5.0;
				TARGETED_DEVICE_FAMILY = "1,2";
				TEST_TARGET_NAME = Lab06_TextInput;
			};
			name = Release;
		};
/* End XCBuildConfiguration section */

/* Begin XCConfigurationList section */
		4601084B2CC19AC8004073D7 /* Build configuration list for PBXProject "Lab06_TextInput" */ = {
			isa = XCConfigurationList;
			buildConfigurations = (
				4601087C2CC19AC9004073D7 /* Debug */,
				4601087D2CC19AC9004073D7 /* Release */,
			);
			defaultConfigurationIsVisible = 0;
			defaultConfigurationName = Release;
		};
		460108792CC19AC9004073D7 /* Build configuration list for PBXNativeTarget "Lab06_TextInput" */ = {
			isa = XCConfigurationList;
			buildConfigurations = (
				4601087A2CC19AC9004073D7 /* Debug */,
				4601087B2CC19AC9004073D7 /* Release */,
			);
			defaultConfigurationIsVisible = 0;
			defaultConfigurationName = Release;
		};
		4601087E2CC19AC9004073D7 /* Build configuration list for PBXNativeTarget "Lab06_TextInputTests" */ = {
			isa = XCConfigurationList;
			buildConfigurations = (
				4601087F2CC19AC9004073D7 /* Debug */,
				460108802CC19AC9004073D7 /* Release */,
			);
			defaultConfigurationIsVisible = 0;
			defaultConfigurationName = Release;
		};
		460108812CC19AC9004073D7 /* Build configuration list for PBXNativeTarget "Lab06_TextInputUITests" */ = {
			isa = XCConfigurationList;
			buildConfigurations = (
				460108822CC19AC9004073D7 /* Debug */,
				460108832CC19AC9004073D7 /* Release */,
			);
			defaultConfigurationIsVisible = 0;
			defaultConfigurationName = Release;
		};
/* End XCConfigurationList section */
	};
	rootObject = 460108482CC19AC8004073D7 /* Project object */;
}
