// !$*UTF8*$!
{
	archiveVersion = 1;
	classes = {
	};
	objectVersion = 56;
	objects = {

/* Begin PBXBuildFile section */
		4618FDE72C8F3BF400D5FD14 /* AppDelegate.swift in Sources */ = {isa = PBXBuildFile; fileRef = 4618FDE62C8F3BF400D5FD14 /* AppDelegate.swift */; };
		4618FDE92C8F3BF400D5FD14 /* SceneDelegate.swift in Sources */ = {isa = PBXBuildFile; fileRef = 4618FDE82C8F3BF400D5FD14 /* SceneDelegate.swift */; };
		4618FDEB2C8F3BF400D5FD14 /* ViewController.swift in Sources */ = {isa = PBXBuildFile; fileRef = 4618FDEA2C8F3BF400D5FD14 /* ViewController.swift */; };
		4618FDEE2C8F3BF500D5FD14 /* Base in Resources */ = {isa = PBXBuildFile; fileRef = 4618FDED2C8F3BF500D5FD14 /* Base */; };
		4618FDF02C8F3BF700D5FD14 /* Assets.xcassets in Resources */ = {isa = PBXBuildFile; fileRef = 4618FDEF2C8F3BF700D5FD14 /* Assets.xcassets */; };
		4618FDF32C8F3BF700D5FD14 /* Base in Resources */ = {isa = PBXBuildFile; fileRef = 4618FDF22C8F3BF700D5FD14 /* Base */; };
		4618FDFE2C8F3BF700D5FD14 /* Lab01_aJokeTests.swift in Sources */ = {isa = PBXBuildFile; fileRef = 4618FDFD2C8F3BF700D5FD14 /* Lab01_aJokeTests.swift */; };
		4618FE082C8F3BF700D5FD14 /* Lab01_aJokeUITests.swift in Sources */ = {isa = PBXBuildFile; fileRef = 4618FE072C8F3BF700D5FD14 /* Lab01_aJokeUITests.swift */; };
		4618FE0A2C8F3BF700D5FD14 /* Lab01_aJokeUITestsLaunchTests.swift in Sources */ = {isa = PBXBuildFile; fileRef = 4618FE092C8F3BF700D5FD14 /* Lab01_aJokeUITestsLaunchTests.swift */; };
/* End PBXBuildFile section */

/* Begin PBXContainerItemProxy section */
		4618FDFA2C8F3BF700D5FD14 /* PBXContainerItemProxy */ = {
			isa = PBXContainerItemProxy;
			containerPortal = 4618FDDB2C8F3BF400D5FD14 /* Project object */;
			proxyType = 1;
			remoteGlobalIDString = 4618FDE22C8F3BF400D5FD14;
			remoteInfo = "Lab01-aJoke";
		};
		4618FE042C8F3BF700D5FD14 /* PBXContainerItemProxy */ = {
			isa = PBXContainerItemProxy;
			containerPortal = 4618FDDB2C8F3BF400D5FD14 /* Project object */;
			proxyType = 1;
			remoteGlobalIDString = 4618FDE22C8F3BF400D5FD14;
			remoteInfo = "Lab01-aJoke";
		};
/* End PBXContainerItemProxy section */

/* Begin PBXFileReference section */
		4618FDE32C8F3BF400D5FD14 /* Lab01-aJoke.app */ = {isa = PBXFileReference; explicitFileType = wrapper.application; includeInIndex = 0; path = "Lab01-aJoke.app"; sourceTree = BUILT_PRODUCTS_DIR; };
		4618FDE62C8F3BF400D5FD14 /* AppDelegate.swift */ = {isa = PBXFileReference; lastKnownFileType = sourcecode.swift; path = AppDelegate.swift; sourceTree = "<group>"; };
		4618FDE82C8F3BF400D5FD14 /* SceneDelegate.swift */ = {isa = PBXFileReference; lastKnownFileType = sourcecode.swift; path = SceneDelegate.swift; sourceTree = "<group>"; };
		4618FDEA2C8F3BF400D5FD14 /* ViewController.swift */ = {isa = PBXFileReference; lastKnownFileType = sourcecode.swift; path = ViewController.swift; sourceTree = "<group>"; };
		4618FDED2C8F3BF500D5FD14 /* Base */ = {isa = PBXFileReference; lastKnownFileType = file.storyboard; name = Base; path = Base.lproj/Main.storyboard; sourceTree = "<group>"; };
		4618FDEF2C8F3BF700D5FD14 /* Assets.xcassets */ = {isa = PBXFileReference; lastKnownFileType = folder.assetcatalog; path = Assets.xcassets; sourceTree = "<group>"; };
		4618FDF22C8F3BF700D5FD14 /* Base */ = {isa = PBXFileReference; lastKnownFileType = file.storyboard; name = Base; path = Base.lproj/LaunchScreen.storyboard; sourceTree = "<group>"; };
		4618FDF42C8F3BF700D5FD14 /* Info.plist */ = {isa = PBXFileReference; lastKnownFileType = text.plist.xml; path = Info.plist; sourceTree = "<group>"; };
		4618FDF92C8F3BF700D5FD14 /* Lab01-aJokeTests.xctest */ = {isa = PBXFileReference; explicitFileType = wrapper.cfbundle; includeInIndex = 0; path = "Lab01-aJokeTests.xctest"; sourceTree = BUILT_PRODUCTS_DIR; };
		4618FDFD2C8F3BF700D5FD14 /* Lab01_aJokeTests.swift */ = {isa = PBXFileReference; lastKnownFileType = sourcecode.swift; path = Lab01_aJokeTests.swift; sourceTree = "<group>"; };
		4618FE032C8F3BF700D5FD14 /* Lab01-aJokeUITests.xctest */ = {isa = PBXFileReference; explicitFileType = wrapper.cfbundle; includeInIndex = 0; path = "Lab01-aJokeUITests.xctest"; sourceTree = BUILT_PRODUCTS_DIR; };
		4618FE072C8F3BF700D5FD14 /* Lab01_aJokeUITests.swift */ = {isa = PBXFileReference; lastKnownFileType = sourcecode.swift; path = Lab01_aJokeUITests.swift; sourceTree = "<group>"; };
		4618FE092C8F3BF700D5FD14 /* Lab01_aJokeUITestsLaunchTests.swift */ = {isa = PBXFileReference; lastKnownFileType = sourcecode.swift; path = Lab01_aJokeUITestsLaunchTests.swift; sourceTree = "<group>"; };
/* End PBXFileReference section */

/* Begin PBXFrameworksBuildPhase section */
		4618FDE02C8F3BF400D5FD14 /* Frameworks */ = {
			isa = PBXFrameworksBuildPhase;
			buildActionMask = 2147483647;
			files = (
			);
			runOnlyForDeploymentPostprocessing = 0;
		};
		4618FDF62C8F3BF700D5FD14 /* Frameworks */ = {
			isa = PBXFrameworksBuildPhase;
			buildActionMask = 2147483647;
			files = (
			);
			runOnlyForDeploymentPostprocessing = 0;
		};
		4618FE002C8F3BF700D5FD14 /* Frameworks */ = {
			isa = PBXFrameworksBuildPhase;
			buildActionMask = 2147483647;
			files = (
			);
			runOnlyForDeploymentPostprocessing = 0;
		};
/* End PBXFrameworksBuildPhase section */

/* Begin PBXGroup section */
		4618FDDA2C8F3BF400D5FD14 = {
			isa = PBXGroup;
			children = (
				4618FDE52C8F3BF400D5FD14 /* Lab01-aJoke */,
				4618FDFC2C8F3BF700D5FD14 /* Lab01-aJokeTests */,
				4618FE062C8F3BF700D5FD14 /* Lab01-aJokeUITests */,
				4618FDE42C8F3BF400D5FD14 /* Products */,
			);
			sourceTree = "<group>";
		};
		4618FDE42C8F3BF400D5FD14 /* Products */ = {
			isa = PBXGroup;
			children = (
				4618FDE32C8F3BF400D5FD14 /* Lab01-aJoke.app */,
				4618FDF92C8F3BF700D5FD14 /* Lab01-aJokeTests.xctest */,
				4618FE032C8F3BF700D5FD14 /* Lab01-aJokeUITests.xctest */,
			);
			name = Products;
			sourceTree = "<group>";
		};
		4618FDE52C8F3BF400D5FD14 /* Lab01-aJoke */ = {
			isa = PBXGroup;
			children = (
				4618FDE62C8F3BF400D5FD14 /* AppDelegate.swift */,
				4618FDE82C8F3BF400D5FD14 /* SceneDelegate.swift */,
				4618FDEA2C8F3BF400D5FD14 /* ViewController.swift */,
				4618FDEC2C8F3BF500D5FD14 /* Main.storyboard */,
				4618FDEF2C8F3BF700D5FD14 /* Assets.xcassets */,
				4618FDF12C8F3BF700D5FD14 /* LaunchScreen.storyboard */,
				4618FDF42C8F3BF700D5FD14 /* Info.plist */,
			);
			path = "Lab01-aJoke";
			sourceTree = "<group>";
		};
		4618FDFC2C8F3BF700D5FD14 /* Lab01-aJokeTests */ = {
			isa = PBXGroup;
			children = (
				4618FDFD2C8F3BF700D5FD14 /* Lab01_aJokeTests.swift */,
			);
			path = "Lab01-aJokeTests";
			sourceTree = "<group>";
		};
		4618FE062C8F3BF700D5FD14 /* Lab01-aJokeUITests */ = {
			isa = PBXGroup;
			children = (
				4618FE072C8F3BF700D5FD14 /* Lab01_aJokeUITests.swift */,
				4618FE092C8F3BF700D5FD14 /* Lab01_aJokeUITestsLaunchTests.swift */,
			);
			path = "Lab01-aJokeUITests";
			sourceTree = "<group>";
		};
/* End PBXGroup section */

/* Begin PBXNativeTarget section */
		4618FDE22C8F3BF400D5FD14 /* Lab01-aJoke */ = {
			isa = PBXNativeTarget;
			buildConfigurationList = 4618FE0D2C8F3BF700D5FD14 /* Build configuration list for PBXNativeTarget "Lab01-aJoke" */;
			buildPhases = (
				4618FDDF2C8F3BF400D5FD14 /* Sources */,
				4618FDE02C8F3BF400D5FD14 /* Frameworks */,
				4618FDE12C8F3BF400D5FD14 /* Resources */,
			);
			buildRules = (
			);
			dependencies = (
			);
			name = "Lab01-aJoke";
			productName = "Lab01-aJoke";
			productReference = 4618FDE32C8F3BF400D5FD14 /* Lab01-aJoke.app */;
			productType = "com.apple.product-type.application";
		};
		4618FDF82C8F3BF700D5FD14 /* Lab01-aJokeTests */ = {
			isa = PBXNativeTarget;
			buildConfigurationList = 4618FE102C8F3BF700D5FD14 /* Build configuration list for PBXNativeTarget "Lab01-aJokeTests" */;
			buildPhases = (
				4618FDF52C8F3BF700D5FD14 /* Sources */,
				4618FDF62C8F3BF700D5FD14 /* Frameworks */,
				4618FDF72C8F3BF700D5FD14 /* Resources */,
			);
			buildRules = (
			);
			dependencies = (
				4618FDFB2C8F3BF700D5FD14 /* PBXTargetDependency */,
			);
			name = "Lab01-aJokeTests";
			productName = "Lab01-aJokeTests";
			productReference = 4618FDF92C8F3BF700D5FD14 /* Lab01-aJokeTests.xctest */;
			productType = "com.apple.product-type.bundle.unit-test";
		};
		4618FE022C8F3BF700D5FD14 /* Lab01-aJokeUITests */ = {
			isa = PBXNativeTarget;
			buildConfigurationList = 4618FE132C8F3BF700D5FD14 /* Build configuration list for PBXNativeTarget "Lab01-aJokeUITests" */;
			buildPhases = (
				4618FDFF2C8F3BF700D5FD14 /* Sources */,
				4618FE002C8F3BF700D5FD14 /* Frameworks */,
				4618FE012C8F3BF700D5FD14 /* Resources */,
			);
			buildRules = (
			);
			dependencies = (
				4618FE052C8F3BF700D5FD14 /* PBXTargetDependency */,
			);
			name = "Lab01-aJokeUITests";
			productName = "Lab01-aJokeUITests";
			productReference = 4618FE032C8F3BF700D5FD14 /* Lab01-aJokeUITests.xctest */;
			productType = "com.apple.product-type.bundle.ui-testing";
		};
/* End PBXNativeTarget section */

/* Begin PBXProject section */
		4618FDDB2C8F3BF400D5FD14 /* Project object */ = {
			isa = PBXProject;
			attributes = {
				BuildIndependentTargetsInParallel = 1;
				LastSwiftUpdateCheck = 1540;
				LastUpgradeCheck = 1540;
				TargetAttributes = {
					4618FDE22C8F3BF400D5FD14 = {
						CreatedOnToolsVersion = 15.4;
					};
					4618FDF82C8F3BF700D5FD14 = {
						CreatedOnToolsVersion = 15.4;
						TestTargetID = 4618FDE22C8F3BF400D5FD14;
					};
					4618FE022C8F3BF700D5FD14 = {
						CreatedOnToolsVersion = 15.4;
						TestTargetID = 4618FDE22C8F3BF400D5FD14;
					};
				};
			};
			buildConfigurationList = 4618FDDE2C8F3BF400D5FD14 /* Build configuration list for PBXProject "Lab01-aJoke" */;
			compatibilityVersion = "Xcode 14.0";
			developmentRegion = en;
			hasScannedForEncodings = 0;
			knownRegions = (
				en,
				Base,
			);
			mainGroup = 4618FDDA2C8F3BF400D5FD14;
			productRefGroup = 4618FDE42C8F3BF400D5FD14 /* Products */;
			projectDirPath = "";
			projectRoot = "";
			targets = (
				4618FDE22C8F3BF400D5FD14 /* Lab01-aJoke */,
				4618FDF82C8F3BF700D5FD14 /* Lab01-aJokeTests */,
				4618FE022C8F3BF700D5FD14 /* Lab01-aJokeUITests */,
			);
		};
/* End PBXProject section */

/* Begin PBXResourcesBuildPhase section */
		4618FDE12C8F3BF400D5FD14 /* Resources */ = {
			isa = PBXResourcesBuildPhase;
			buildActionMask = 2147483647;
			files = (
				4618FDF02C8F3BF700D5FD14 /* Assets.xcassets in Resources */,
				4618FDF32C8F3BF700D5FD14 /* Base in Resources */,
				4618FDEE2C8F3BF500D5FD14 /* Base in Resources */,
			);
			runOnlyForDeploymentPostprocessing = 0;
		};
		4618FDF72C8F3BF700D5FD14 /* Resources */ = {
			isa = PBXResourcesBuildPhase;
			buildActionMask = 2147483647;
			files = (
			);
			runOnlyForDeploymentPostprocessing = 0;
		};
		4618FE012C8F3BF700D5FD14 /* Resources */ = {
			isa = PBXResourcesBuildPhase;
			buildActionMask = 2147483647;
			files = (
			);
			runOnlyForDeploymentPostprocessing = 0;
		};
/* End PBXResourcesBuildPhase section */

/* Begin PBXSourcesBuildPhase section */
		4618FDDF2C8F3BF400D5FD14 /* Sources */ = {
			isa = PBXSourcesBuildPhase;
			buildActionMask = 2147483647;
			files = (
				4618FDEB2C8F3BF400D5FD14 /* ViewController.swift in Sources */,
				4618FDE72C8F3BF400D5FD14 /* AppDelegate.swift in Sources */,
				4618FDE92C8F3BF400D5FD14 /* SceneDelegate.swift in Sources */,
			);
			runOnlyForDeploymentPostprocessing = 0;
		};
		4618FDF52C8F3BF700D5FD14 /* Sources */ = {
			isa = PBXSourcesBuildPhase;
			buildActionMask = 2147483647;
			files = (
				4618FDFE2C8F3BF700D5FD14 /* Lab01_aJokeTests.swift in Sources */,
			);
			runOnlyForDeploymentPostprocessing = 0;
		};
		4618FDFF2C8F3BF700D5FD14 /* Sources */ = {
			isa = PBXSourcesBuildPhase;
			buildActionMask = 2147483647;
			files = (
				4618FE0A2C8F3BF700D5FD14 /* Lab01_aJokeUITestsLaunchTests.swift in Sources */,
				4618FE082C8F3BF700D5FD14 /* Lab01_aJokeUITests.swift in Sources */,
			);
			runOnlyForDeploymentPostprocessing = 0;
		};
/* End PBXSourcesBuildPhase section */

/* Begin PBXTargetDependency section */
		4618FDFB2C8F3BF700D5FD14 /* PBXTargetDependency */ = {
			isa = PBXTargetDependency;
			target = 4618FDE22C8F3BF400D5FD14 /* Lab01-aJoke */;
			targetProxy = 4618FDFA2C8F3BF700D5FD14 /* PBXContainerItemProxy */;
		};
		4618FE052C8F3BF700D5FD14 /* PBXTargetDependency */ = {
			isa = PBXTargetDependency;
			target = 4618FDE22C8F3BF400D5FD14 /* Lab01-aJoke */;
			targetProxy = 4618FE042C8F3BF700D5FD14 /* PBXContainerItemProxy */;
		};
/* End PBXTargetDependency section */

/* Begin PBXVariantGroup section */
		4618FDEC2C8F3BF500D5FD14 /* Main.storyboard */ = {
			isa = PBXVariantGroup;
			children = (
				4618FDED2C8F3BF500D5FD14 /* Base */,
			);
			name = Main.storyboard;
			sourceTree = "<group>";
		};
		4618FDF12C8F3BF700D5FD14 /* LaunchScreen.storyboard */ = {
			isa = PBXVariantGroup;
			children = (
				4618FDF22C8F3BF700D5FD14 /* Base */,
			);
			name = LaunchScreen.storyboard;
			sourceTree = "<group>";
		};
/* End PBXVariantGroup section */

/* Begin XCBuildConfiguration section */
		4618FE0B2C8F3BF700D5FD14 /* Debug */ = {
			isa = XCBuildConfiguration;
			buildSettings = {
				ALWAYS_SEARCH_USER_PATHS = NO;
				ASSETCATALOG_COMPILER_GENERATE_SWIFT_ASSET_SYMBOL_EXTENSIONS = YES;
				CLANG_ANALYZER_NONNULL = YES;
				CLANG_ANALYZER_NUMBER_OBJECT_CONVERSION = YES_AGGRESSIVE;
				CLANG_CXX_LANGUAGE_STANDARD = "gnu++20";
				CLANG_ENABLE_MODULES = YES;
				CLANG_ENABLE_OBJC_ARC = YES;
				CLANG_ENABLE_OBJC_WEAK = YES;
				CLANG_WARN_BLOCK_CAPTURE_AUTORELEASING = YES;
				CLANG_WARN_BOOL_CONVERSION = YES;
				CLANG_WARN_COMMA = YES;
				CLANG_WARN_CONSTANT_CONVERSION = YES;
				CLANG_WARN_DEPRECATED_OBJC_IMPLEMENTATIONS = YES;
				CLANG_WARN_DIRECT_OBJC_ISA_USAGE = YES_ERROR;
				CLANG_WARN_DOCUMENTATION_COMMENTS = YES;
				CLANG_WARN_EMPTY_BODY = YES;
				CLANG_WARN_ENUM_CONVERSION = YES;
				CLANG_WARN_INFINITE_RECURSION = YES;
				CLANG_WARN_INT_CONVERSION = YES;
				CLANG_WARN_NON_LITERAL_NULL_CONVERSION = YES;
				CLANG_WARN_OBJC_IMPLICIT_RETAIN_SELF = YES;
				CLANG_WARN_OBJC_LITERAL_CONVERSION = YES;
				CLANG_WARN_OBJC_ROOT_CLASS = YES_ERROR;
				CLANG_WARN_QUOTED_INCLUDE_IN_FRAMEWORK_HEADER = YES;
				CLANG_WARN_RANGE_LOOP_ANALYSIS = YES;
				CLANG_WARN_STRICT_PROTOTYPES = YES;
				CLANG_WARN_SUSPICIOUS_MOVE = YES;
				CLANG_WARN_UNGUARDED_AVAILABILITY = YES_AGGRESSIVE;
				CLANG_WARN_UNREACHABLE_CODE = YES;
				CLANG_WARN__DUPLICATE_METHOD_MATCH = YES;
				COPY_PHASE_STRIP = NO;
				DEBUG_INFORMATION_FORMAT = dwarf;
				ENABLE_STRICT_OBJC_MSGSEND = YES;
				ENABLE_TESTABILITY = YES;
				ENABLE_USER_SCRIPT_SANDBOXING = YES;
				GCC_C_LANGUAGE_STANDARD = gnu17;
				GCC_DYNAMIC_NO_PIC = NO;
				GCC_NO_COMMON_BLOCKS = YES;
				GCC_OPTIMIZATION_LEVEL = 0;
				GCC_PREPROCESSOR_DEFINITIONS = (
					"DEBUG=1",
					"$(inherited)",
				);
				GCC_WARN_64_TO_32_BIT_CONVERSION = YES;
				GCC_WARN_ABOUT_RETURN_TYPE = YES_ERROR;
				GCC_WARN_UNDECLARED_SELECTOR = YES;
				GCC_WARN_UNINITIALIZED_AUTOS = YES_AGGRESSIVE;
				GCC_WARN_UNUSED_FUNCTION = YES;
				GCC_WARN_UNUSED_VARIABLE = YES;
				IPHONEOS_DEPLOYMENT_TARGET = 17.5;
				LOCALIZATION_PREFERS_STRING_CATALOGS = YES;
				MTL_ENABLE_DEBUG_INFO = INCLUDE_SOURCE;
				MTL_FAST_MATH = YES;
				ONLY_ACTIVE_ARCH = YES;
				SDKROOT = iphoneos;
				SWIFT_ACTIVE_COMPILATION_CONDITIONS = "DEBUG $(inherited)";
				SWIFT_OPTIMIZATION_LEVEL = "-Onone";
			};
			name = Debug;
		};
		4618FE0C2C8F3BF700D5FD14 /* Release */ = {
			isa = XCBuildConfiguration;
			buildSettings = {
				ALWAYS_SEARCH_USER_PATHS = NO;
				ASSETCATALOG_COMPILER_GENERATE_SWIFT_ASSET_SYMBOL_EXTENSIONS = YES;
				CLANG_ANALYZER_NONNULL = YES;
				CLANG_ANALYZER_NUMBER_OBJECT_CONVERSION = YES_AGGRESSIVE;
				CLANG_CXX_LANGUAGE_STANDARD = "gnu++20";
				CLANG_ENABLE_MODULES = YES;
				CLANG_ENABLE_OBJC_ARC = YES;
				CLANG_ENABLE_OBJC_WEAK = YES;
				CLANG_WARN_BLOCK_CAPTURE_AUTORELEASING = YES;
				CLANG_WARN_BOOL_CONVERSION = YES;
				CLANG_WARN_COMMA = YES;
				CLANG_WARN_CONSTANT_CONVERSION = YES;
				CLANG_WARN_DEPRECATED_OBJC_IMPLEMENTATIONS = YES;
				CLANG_WARN_DIRECT_OBJC_ISA_USAGE = YES_ERROR;
				CLANG_WARN_DOCUMENTATION_COMMENTS = YES;
				CLANG_WARN_EMPTY_BODY = YES;
				CLANG_WARN_ENUM_CONVERSION = YES;
				CLANG_WARN_INFINITE_RECURSION = YES;
				CLANG_WARN_INT_CONVERSION = YES;
				CLANG_WARN_NON_LITERAL_NULL_CONVERSION = YES;
				CLANG_WARN_OBJC_IMPLICIT_RETAIN_SELF = YES;
				CLANG_WARN_OBJC_LITERAL_CONVERSION = YES;
				CLANG_WARN_OBJC_ROOT_CLASS = YES_ERROR;
				CLANG_WARN_QUOTED_INCLUDE_IN_FRAMEWORK_HEADER = YES;
				CLANG_WARN_RANGE_LOOP_ANALYSIS = YES;
				CLANG_WARN_STRICT_PROTOTYPES = YES;
				CLANG_WARN_SUSPICIOUS_MOVE = YES;
				CLANG_WARN_UNGUARDED_AVAILABILITY = YES_AGGRESSIVE;
				CLANG_WARN_UNREACHABLE_CODE = YES;
				CLANG_WARN__DUPLICATE_METHOD_MATCH = YES;
				COPY_PHASE_STRIP = NO;
				DEBUG_INFORMATION_FORMAT = "dwarf-with-dsym";
				ENABLE_NS_ASSERTIONS = NO;
				ENABLE_STRICT_OBJC_MSGSEND = YES;
				ENABLE_USER_SCRIPT_SANDBOXING = YES;
				GCC_C_LANGUAGE_STANDARD = gnu17;
				GCC_NO_COMMON_BLOCKS = YES;
				GCC_WARN_64_TO_32_BIT_CONVERSION = YES;
				GCC_WARN_ABOUT_RETURN_TYPE = YES_ERROR;
				GCC_WARN_UNDECLARED_SELECTOR = YES;
				GCC_WARN_UNINITIALIZED_AUTOS = YES_AGGRESSIVE;
				GCC_WARN_UNUSED_FUNCTION = YES;
				GCC_WARN_UNUSED_VARIABLE = YES;
				IPHONEOS_DEPLOYMENT_TARGET = 17.5;
				LOCALIZATION_PREFERS_STRING_CATALOGS = YES;
				MTL_ENABLE_DEBUG_INFO = NO;
				MTL_FAST_MATH = YES;
				SDKROOT = iphoneos;
				SWIFT_COMPILATION_MODE = wholemodule;
				VALIDATE_PRODUCT = YES;
			};
			name = Release;
		};
		4618FE0E2C8F3BF700D5FD14 /* Debug */ = {
			isa = XCBuildConfiguration;
			buildSettings = {
				ASSETCATALOG_COMPILER_APPICON_NAME = AppIcon;
				ASSETCATALOG_COMPILER_GLOBAL_ACCENT_COLOR_NAME = AccentColor;
				CODE_SIGN_STYLE = Automatic;
				CURRENT_PROJECT_VERSION = 1;
				DEVELOPMENT_TEAM = 483K9H9JUA;
				GENERATE_INFOPLIST_FILE = YES;
				INFOPLIST_FILE = "Lab01-aJoke/Info.plist";
				INFOPLIST_KEY_UIApplicationSupportsIndirectInputEvents = YES;
				INFOPLIST_KEY_UILaunchStoryboardName = LaunchScreen;
				INFOPLIST_KEY_UIMainStoryboardFile = Main;
				INFOPLIST_KEY_UISupportedInterfaceOrientations_iPad = "UIInterfaceOrientationPortrait UIInterfaceOrientationPortraitUpsideDown UIInterfaceOrientationLandscapeLeft UIInterfaceOrientationLandscapeRight";
				INFOPLIST_KEY_UISupportedInterfaceOrientations_iPhone = "UIInterfaceOrientationPortrait UIInterfaceOrientationLandscapeLeft UIInterfaceOrientationLandscapeRight";
				LD_RUNPATH_SEARCH_PATHS = (
					"$(inherited)",
					"@executable_path/Frameworks",
				);
				MARKETING_VERSION = 1.0;
				PRODUCT_BUNDLE_IDENTIFIER = "edu.tric.it.Lab01-aJoke";
				PRODUCT_NAME = "$(TARGET_NAME)";
				SWIFT_EMIT_LOC_STRINGS = YES;
				SWIFT_VERSION = 5.0;
				TARGETED_DEVICE_FAMILY = "1,2";
			};
			name = Debug;
		};
		4618FE0F2C8F3BF700D5FD14 /* Release */ = {
			isa = XCBuildConfiguration;
			buildSettings = {
				ASSETCATALOG_COMPILER_APPICON_NAME = AppIcon;
				ASSETCATALOG_COMPILER_GLOBAL_ACCENT_COLOR_NAME = AccentColor;
				CODE_SIGN_STYLE = Automatic;
				CURRENT_PROJECT_VERSION = 1;
				DEVELOPMENT_TEAM = 483K9H9JUA;
				GENERATE_INFOPLIST_FILE = YES;
				INFOPLIST_FILE = "Lab01-aJoke/Info.plist";
				INFOPLIST_KEY_UIApplicationSupportsIndirectInputEvents = YES;
				INFOPLIST_KEY_UILaunchStoryboardName = LaunchScreen;
				INFOPLIST_KEY_UIMainStoryboardFile = Main;
				INFOPLIST_KEY_UISupportedInterfaceOrientations_iPad = "UIInterfaceOrientationPortrait UIInterfaceOrientationPortraitUpsideDown UIInterfaceOrientationLandscapeLeft UIInterfaceOrientationLandscapeRight";
				INFOPLIST_KEY_UISupportedInterfaceOrientations_iPhone = "UIInterfaceOrientationPortrait UIInterfaceOrientationLandscapeLeft UIInterfaceOrientationLandscapeRight";
				LD_RUNPATH_SEARCH_PATHS = (
					"$(inherited)",
					"@executable_path/Frameworks",
				);
				MARKETING_VERSION = 1.0;
				PRODUCT_BUNDLE_IDENTIFIER = "edu.tric.it.Lab01-aJoke";
				PRODUCT_NAME = "$(TARGET_NAME)";
				SWIFT_EMIT_LOC_STRINGS = YES;
				SWIFT_VERSION = 5.0;
				TARGETED_DEVICE_FAMILY = "1,2";
			};
			name = Release;
		};
		4618FE112C8F3BF700D5FD14 /* Debug */ = {
			isa = XCBuildConfiguration;
			buildSettings = {
				ALWAYS_EMBED_SWIFT_STANDARD_LIBRARIES = YES;
				BUNDLE_LOADER = "$(TEST_HOST)";
				CODE_SIGN_STYLE = Automatic;
				CURRENT_PROJECT_VERSION = 1;
				DEVELOPMENT_TEAM = 483K9H9JUA;
				GENERATE_INFOPLIST_FILE = YES;
				IPHONEOS_DEPLOYMENT_TARGET = 17.5;
				MARKETING_VERSION = 1.0;
				PRODUCT_BUNDLE_IDENTIFIER = "edu.tric.it.Lab01-aJokeTests";
				PRODUCT_NAME = "$(TARGET_NAME)";
				SWIFT_EMIT_LOC_STRINGS = NO;
				SWIFT_VERSION = 5.0;
				TARGETED_DEVICE_FAMILY = "1,2";
				TEST_HOST = "$(BUILT_PRODUCTS_DIR)/Lab01-aJoke.app/$(BUNDLE_EXECUTABLE_FOLDER_PATH)/Lab01-aJoke";
			};
			name = Debug;
		};
		4618FE122C8F3BF700D5FD14 /* Release */ = {
			isa = XCBuildConfiguration;
			buildSettings = {
				ALWAYS_EMBED_SWIFT_STANDARD_LIBRARIES = YES;
				BUNDLE_LOADER = "$(TEST_HOST)";
				CODE_SIGN_STYLE = Automatic;
				CURRENT_PROJECT_VERSION = 1;
				DEVELOPMENT_TEAM = 483K9H9JUA;
				GENERATE_INFOPLIST_FILE = YES;
				IPHONEOS_DEPLOYMENT_TARGET = 17.5;
				MARKETING_VERSION = 1.0;
				PRODUCT_BUNDLE_IDENTIFIER = "edu.tric.it.Lab01-aJokeTests";
				PRODUCT_NAME = "$(TARGET_NAME)";
				SWIFT_EMIT_LOC_STRINGS = NO;
				SWIFT_VERSION = 5.0;
				TARGETED_DEVICE_FAMILY = "1,2";
				TEST_HOST = "$(BUILT_PRODUCTS_DIR)/Lab01-aJoke.app/$(BUNDLE_EXECUTABLE_FOLDER_PATH)/Lab01-aJoke";
			};
			name = Release;
		};
		4618FE142C8F3BF700D5FD14 /* Debug */ = {
			isa = XCBuildConfiguration;
			buildSettings = {
				ALWAYS_EMBED_SWIFT_STANDARD_LIBRARIES = YES;
				CODE_SIGN_STYLE = Automatic;
				CURRENT_PROJECT_VERSION = 1;
				DEVELOPMENT_TEAM = 483K9H9JUA;
				GENERATE_INFOPLIST_FILE = YES;
				MARKETING_VERSION = 1.0;
				PRODUCT_BUNDLE_IDENTIFIER = "edu.tric.it.Lab01-aJokeUITests";
				PRODUCT_NAME = "$(TARGET_NAME)";
				SWIFT_EMIT_LOC_STRINGS = NO;
				SWIFT_VERSION = 5.0;
				TARGETED_DEVICE_FAMILY = "1,2";
				TEST_TARGET_NAME = "Lab01-aJoke";
			};
			name = Debug;
		};
		4618FE152C8F3BF700D5FD14 /* Release */ = {
			isa = XCBuildConfiguration;
			buildSettings = {
				ALWAYS_EMBED_SWIFT_STANDARD_LIBRARIES = YES;
				CODE_SIGN_STYLE = Automatic;
				CURRENT_PROJECT_VERSION = 1;
				DEVELOPMENT_TEAM = 483K9H9JUA;
				GENERATE_INFOPLIST_FILE = YES;
				MARKETING_VERSION = 1.0;
				PRODUCT_BUNDLE_IDENTIFIER = "edu.tric.it.Lab01-aJokeUITests";
				PRODUCT_NAME = "$(TARGET_NAME)";
				SWIFT_EMIT_LOC_STRINGS = NO;
				SWIFT_VERSION = 5.0;
				TARGETED_DEVICE_FAMILY = "1,2";
				TEST_TARGET_NAME = "Lab01-aJoke";
			};
			name = Release;
		};
/* End XCBuildConfiguration section */

/* Begin XCConfigurationList section */
		4618FDDE2C8F3BF400D5FD14 /* Build configuration list for PBXProject "Lab01-aJoke" */ = {
			isa = XCConfigurationList;
			buildConfigurations = (
				4618FE0B2C8F3BF700D5FD14 /* Debug */,
				4618FE0C2C8F3BF700D5FD14 /* Release */,
			);
			defaultConfigurationIsVisible = 0;
			defaultConfigurationName = Release;
		};
		4618FE0D2C8F3BF700D5FD14 /* Build configuration list for PBXNativeTarget "Lab01-aJoke" */ = {
			isa = XCConfigurationList;
			buildConfigurations = (
				4618FE0E2C8F3BF700D5FD14 /* Debug */,
				4618FE0F2C8F3BF700D5FD14 /* Release */,
			);
			defaultConfigurationIsVisible = 0;
			defaultConfigurationName = Release;
		};
		4618FE102C8F3BF700D5FD14 /* Build configuration list for PBXNativeTarget "Lab01-aJokeTests" */ = {
			isa = XCConfigurationList;
			buildConfigurations = (
				4618FE112C8F3BF700D5FD14 /* Debug */,
				4618FE122C8F3BF700D5FD14 /* Release */,
			);
			defaultConfigurationIsVisible = 0;
			defaultConfigurationName = Release;
		};
		4618FE132C8F3BF700D5FD14 /* Build configuration list for PBXNativeTarget "Lab01-aJokeUITests" */ = {
			isa = XCConfigurationList;
			buildConfigurations = (
				4618FE142C8F3BF700D5FD14 /* Debug */,
				4618FE152C8F3BF700D5FD14 /* Release */,
			);
			defaultConfigurationIsVisible = 0;
			defaultConfigurationName = Release;
		};
/* End XCConfigurationList section */
	};
	rootObject = 4618FDDB2C8F3BF400D5FD14 /* Project object */;
}
